// !$*UTF8*$!
{
	archiveVersion = 1;
	classes = {
	};
	objectVersion = 46;
	objects = {

/* Begin PBXBuildFile section */
		B29FA9651664C4390075E131 /* GlitchImageVIew.m in Sources */ = {isa = PBXBuildFile; fileRef = B29FA9641664C4390075E131 /* GlitchImageVIew.m */; };
		B2A29103165B6AE3009C1731 /* UIKit.framework in Frameworks */ = {isa = PBXBuildFile; fileRef = B2A29102165B6AE3009C1731 /* UIKit.framework */; };
		B2A29105165B6AE3009C1731 /* Foundation.framework in Frameworks */ = {isa = PBXBuildFile; fileRef = B2A29104165B6AE3009C1731 /* Foundation.framework */; };
		B2A29107165B6AE3009C1731 /* CoreGraphics.framework in Frameworks */ = {isa = PBXBuildFile; fileRef = B2A29106165B6AE3009C1731 /* CoreGraphics.framework */; };
		B2A2910D165B6AE3009C1731 /* InfoPlist.strings in Resources */ = {isa = PBXBuildFile; fileRef = B2A2910B165B6AE3009C1731 /* InfoPlist.strings */; };
		B2A2910F165B6AE3009C1731 /* main.m in Sources */ = {isa = PBXBuildFile; fileRef = B2A2910E165B6AE3009C1731 /* main.m */; };
		B2A29113165B6AE3009C1731 /* AppDelegate.m in Sources */ = {isa = PBXBuildFile; fileRef = B2A29112165B6AE3009C1731 /* AppDelegate.m */; };
		B2A29115165B6AE3009C1731 /* Default.png in Resources */ = {isa = PBXBuildFile; fileRef = B2A29114165B6AE3009C1731 /* Default.png */; };
		B2A29117165B6AE3009C1731 /* Default@2x.png in Resources */ = {isa = PBXBuildFile; fileRef = B2A29116165B6AE3009C1731 /* Default@2x.png */; };
		B2A29119165B6AE3009C1731 /* Default-568h@2x.png in Resources */ = {isa = PBXBuildFile; fileRef = B2A29118165B6AE3009C1731 /* Default-568h@2x.png */; };
		B2A2911C165B6AE3009C1731 /* MainStoryboard.storyboard in Resources */ = {isa = PBXBuildFile; fileRef = B2A2911A165B6AE3009C1731 /* MainStoryboard.storyboard */; };
		B2A2911F165B6AE3009C1731 /* ViewController.m in Sources */ = {isa = PBXBuildFile; fileRef = B2A2911E165B6AE3009C1731 /* ViewController.m */; };
		B2A2912A165B6B5E009C1731 /* CustomCell.m in Sources */ = {isa = PBXBuildFile; fileRef = B2A29129165B6B5E009C1731 /* CustomCell.m */; };
		B2A2912D165B6E2B009C1731 /* TableController.m in Sources */ = {isa = PBXBuildFile; fileRef = B2A2912C165B6E2B009C1731 /* TableController.m */; };
		B2A29139165B7C4E009C1731 /* 0.jpg in Resources */ = {isa = PBXBuildFile; fileRef = B2A2912F165B7C4E009C1731 /* 0.jpg */; };
		B2A2913A165B7C4E009C1731 /* 1.jpg in Resources */ = {isa = PBXBuildFile; fileRef = B2A29130165B7C4E009C1731 /* 1.jpg */; };
		B2A2913B165B7C4E009C1731 /* 2.jpg in Resources */ = {isa = PBXBuildFile; fileRef = B2A29131165B7C4E009C1731 /* 2.jpg */; };
		B2A2913C165B7C4E009C1731 /* 3.jpg in Resources */ = {isa = PBXBuildFile; fileRef = B2A29132165B7C4E009C1731 /* 3.jpg */; };
		B2A2913D165B7C4E009C1731 /* 4.jpg in Resources */ = {isa = PBXBuildFile; fileRef = B2A29133165B7C4E009C1731 /* 4.jpg */; };
		B2A2913E165B7C4E009C1731 /* 5.jpg in Resources */ = {isa = PBXBuildFile; fileRef = B2A29134165B7C4E009C1731 /* 5.jpg */; };
		B2A2913F165B7C4E009C1731 /* 6.jpg in Resources */ = {isa = PBXBuildFile; fileRef = B2A29135165B7C4E009C1731 /* 6.jpg */; };
		B2A29140165B7C4E009C1731 /* 7.jpg in Resources */ = {isa = PBXBuildFile; fileRef = B2A29136165B7C4E009C1731 /* 7.jpg */; };
		B2A29141165B7C4E009C1731 /* 8.jpg in Resources */ = {isa = PBXBuildFile; fileRef = B2A29137165B7C4E009C1731 /* 8.jpg */; };
		B2A29142165B7C4E009C1731 /* 9.jpg in Resources */ = {isa = PBXBuildFile; fileRef = B2A29138165B7C4E009C1731 /* 9.jpg */; };
		B2A29144165C973E009C1731 /* QuartzCore.framework in Frameworks */ = {isa = PBXBuildFile; fileRef = B2A29143165C973E009C1731 /* QuartzCore.framework */; };
/* End PBXBuildFile section */

/* Begin PBXFileReference section */
		B29FA9631664C4390075E131 /* GlitchImageVIew.h */ = {isa = PBXFileReference; fileEncoding = 4; lastKnownFileType = sourcecode.c.h; path = GlitchImageVIew.h; sourceTree = "<group>"; };
		B29FA9641664C4390075E131 /* GlitchImageVIew.m */ = {isa = PBXFileReference; fileEncoding = 4; lastKnownFileType = sourcecode.c.objc; path = GlitchImageVIew.m; sourceTree = "<group>"; };
		B2A290FE165B6AE3009C1731 /* TableCompPrac.app */ = {isa = PBXFileReference; explicitFileType = wrapper.application; includeInIndex = 0; path = TableCompPrac.app; sourceTree = BUILT_PRODUCTS_DIR; };
		B2A29102165B6AE3009C1731 /* UIKit.framework */ = {isa = PBXFileReference; lastKnownFileType = wrapper.framework; name = UIKit.framework; path = System/Library/Frameworks/UIKit.framework; sourceTree = SDKROOT; };
		B2A29104165B6AE3009C1731 /* Foundation.framework */ = {isa = PBXFileReference; lastKnownFileType = wrapper.framework; name = Foundation.framework; path = System/Library/Frameworks/Foundation.framework; sourceTree = SDKROOT; };
		B2A29106165B6AE3009C1731 /* CoreGraphics.framework */ = {isa = PBXFileReference; lastKnownFileType = wrapper.framework; name = CoreGraphics.framework; path = System/Library/Frameworks/CoreGraphics.framework; sourceTree = SDKROOT; };
		B2A2910A165B6AE3009C1731 /* TableCompPrac-Info.plist */ = {isa = PBXFileReference; lastKnownFileType = text.plist.xml; path = "TableCompPrac-Info.plist"; sourceTree = "<group>"; };
		B2A2910C165B6AE3009C1731 /* en */ = {isa = PBXFileReference; lastKnownFileType = text.plist.strings; name = en; path = en.lproj/InfoPlist.strings; sourceTree = "<group>"; };
		B2A2910E165B6AE3009C1731 /* main.m */ = {isa = PBXFileReference; lastKnownFileType = sourcecode.c.objc; path = main.m; sourceTree = "<group>"; };
		B2A29110165B6AE3009C1731 /* TableCompPrac-Prefix.pch */ = {isa = PBXFileReference; lastKnownFileType = sourcecode.c.h; path = "TableCompPrac-Prefix.pch"; sourceTree = "<group>"; };
		B2A29111165B6AE3009C1731 /* AppDelegate.h */ = {isa = PBXFileReference; lastKnownFileType = sourcecode.c.h; path = AppDelegate.h; sourceTree = "<group>"; };
		B2A29112165B6AE3009C1731 /* AppDelegate.m */ = {isa = PBXFileReference; lastKnownFileType = sourcecode.c.objc; path = AppDelegate.m; sourceTree = "<group>"; };
		B2A29114165B6AE3009C1731 /* Default.png */ = {isa = PBXFileReference; lastKnownFileType = image.png; path = Default.png; sourceTree = "<group>"; };
		B2A29116165B6AE3009C1731 /* Default@2x.png */ = {isa = PBXFileReference; lastKnownFileType = image.png; path = "Default@2x.png"; sourceTree = "<group>"; };
		B2A29118165B6AE3009C1731 /* Default-568h@2x.png */ = {isa = PBXFileReference; lastKnownFileType = image.png; path = "Default-568h@2x.png"; sourceTree = "<group>"; };
		B2A2911B165B6AE3009C1731 /* en */ = {isa = PBXFileReference; lastKnownFileType = file.storyboard; name = en; path = en.lproj/MainStoryboard.storyboard; sourceTree = "<group>"; };
		B2A2911D165B6AE3009C1731 /* ViewController.h */ = {isa = PBXFileReference; lastKnownFileType = sourcecode.c.h; path = ViewController.h; sourceTree = "<group>"; };
		B2A2911E165B6AE3009C1731 /* ViewController.m */ = {isa = PBXFileReference; lastKnownFileType = sourcecode.c.objc; path = ViewController.m; sourceTree = "<group>"; };
		B2A29128165B6B5E009C1731 /* CustomCell.h */ = {isa = PBXFileReference; fileEncoding = 4; lastKnownFileType = sourcecode.c.h; path = CustomCell.h; sourceTree = "<group>"; };
		B2A29129165B6B5E009C1731 /* CustomCell.m */ = {isa = PBXFileReference; fileEncoding = 4; lastKnownFileType = sourcecode.c.objc; path = CustomCell.m; sourceTree = "<group>"; };
		B2A2912B165B6E2B009C1731 /* TableController.h */ = {isa = PBXFileReference; fileEncoding = 4; lastKnownFileType = sourcecode.c.h; path = TableController.h; sourceTree = "<group>"; };
		B2A2912C165B6E2B009C1731 /* TableController.m */ = {isa = PBXFileReference; fileEncoding = 4; lastKnownFileType = sourcecode.c.objc; path = TableController.m; sourceTree = "<group>"; };
		B2A2912F165B7C4E009C1731 /* 0.jpg */ = {isa = PBXFileReference; lastKnownFileType = image.jpeg; path = 0.jpg; sourceTree = "<group>"; };
		B2A29130165B7C4E009C1731 /* 1.jpg */ = {isa = PBXFileReference; lastKnownFileType = image.jpeg; path = 1.jpg; sourceTree = "<group>"; };
		B2A29131165B7C4E009C1731 /* 2.jpg */ = {isa = PBXFileReference; lastKnownFileType = image.jpeg; path = 2.jpg; sourceTree = "<group>"; };
		B2A29132165B7C4E009C1731 /* 3.jpg */ = {isa = PBXFileReference; lastKnownFileType = image.jpeg; path = 3.jpg; sourceTree = "<group>"; };
		B2A29133165B7C4E009C1731 /* 4.jpg */ = {isa = PBXFileReference; lastKnownFileType = image.jpeg; path = 4.jpg; sourceTree = "<group>"; };
		B2A29134165B7C4E009C1731 /* 5.jpg */ = {isa = PBXFileReference; lastKnownFileType = image.jpeg; path = 5.jpg; sourceTree = "<group>"; };
		B2A29135165B7C4E009C1731 /* 6.jpg */ = {isa = PBXFileReference; lastKnownFileType = image.jpeg; path = 6.jpg; sourceTree = "<group>"; };
		B2A29136165B7C4E009C1731 /* 7.jpg */ = {isa = PBXFileReference; lastKnownFileType = image.jpeg; path = 7.jpg; sourceTree = "<group>"; };
		B2A29137165B7C4E009C1731 /* 8.jpg */ = {isa = PBXFileReference; lastKnownFileType = image.jpeg; path = 8.jpg; sourceTree = "<group>"; };
		B2A29138165B7C4E009C1731 /* 9.jpg */ = {isa = PBXFileReference; lastKnownFileType = image.jpeg; path = 9.jpg; sourceTree = "<group>"; };
		B2A29143165C973E009C1731 /* QuartzCore.framework */ = {isa = PBXFileReference; lastKnownFileType = wrapper.framework; name = QuartzCore.framework; path = System/Library/Frameworks/QuartzCore.framework; sourceTree = SDKROOT; };
/* End PBXFileReference section */

/* Begin PBXFrameworksBuildPhase section */
		B2A290FB165B6AE3009C1731 /* Frameworks */ = {
			isa = PBXFrameworksBuildPhase;
			buildActionMask = 2147483647;
			files = (
				B2A29144165C973E009C1731 /* QuartzCore.framework in Frameworks */,
				B2A29103165B6AE3009C1731 /* UIKit.framework in Frameworks */,
				B2A29105165B6AE3009C1731 /* Foundation.framework in Frameworks */,
				B2A29107165B6AE3009C1731 /* CoreGraphics.framework in Frameworks */,
			);
			runOnlyForDeploymentPostprocessing = 0;
		};
/* End PBXFrameworksBuildPhase section */

/* Begin PBXGroup section */
		B2A290F3165B6AE3009C1731 = {
			isa = PBXGroup;
			children = (
				B2A29108165B6AE3009C1731 /* TableCompPrac */,
				B2A29101165B6AE3009C1731 /* Frameworks */,
				B2A290FF165B6AE3009C1731 /* Products */,
			);
			sourceTree = "<group>";
		};
		B2A290FF165B6AE3009C1731 /* Products */ = {
			isa = PBXGroup;
			children = (
				B2A290FE165B6AE3009C1731 /* TableCompPrac.app */,
			);
			name = Products;
			sourceTree = "<group>";
		};
		B2A29101165B6AE3009C1731 /* Frameworks */ = {
			isa = PBXGroup;
			children = (
				B2A29143165C973E009C1731 /* QuartzCore.framework */,
				B2A29102165B6AE3009C1731 /* UIKit.framework */,
				B2A29104165B6AE3009C1731 /* Foundation.framework */,
				B2A29106165B6AE3009C1731 /* CoreGraphics.framework */,
			);
			name = Frameworks;
			sourceTree = "<group>";
		};
		B2A29108165B6AE3009C1731 /* TableCompPrac */ = {
			isa = PBXGroup;
			children = (
				B29FA9631664C4390075E131 /* GlitchImageVIew.h */,
				B29FA9641664C4390075E131 /* GlitchImageVIew.m */,
				B2A2912E165B7C4E009C1731 /* images */,
				B2A29111165B6AE3009C1731 /* AppDelegate.h */,
				B2A29112165B6AE3009C1731 /* AppDelegate.m */,
				B2A2911A165B6AE3009C1731 /* MainStoryboard.storyboard */,
				B2A2911D165B6AE3009C1731 /* ViewController.h */,
				B2A2911E165B6AE3009C1731 /* ViewController.m */,
				B2A29109165B6AE3009C1731 /* Supporting Files */,
				B2A29128165B6B5E009C1731 /* CustomCell.h */,
				B2A29129165B6B5E009C1731 /* CustomCell.m */,
				B2A2912B165B6E2B009C1731 /* TableController.h */,
				B2A2912C165B6E2B009C1731 /* TableController.m */,
			);
			path = TableCompPrac;
			sourceTree = "<group>";
		};
		B2A29109165B6AE3009C1731 /* Supporting Files */ = {
			isa = PBXGroup;
			children = (
				B2A2910A165B6AE3009C1731 /* TableCompPrac-Info.plist */,
				B2A2910B165B6AE3009C1731 /* InfoPlist.strings */,
				B2A2910E165B6AE3009C1731 /* main.m */,
				B2A29110165B6AE3009C1731 /* TableCompPrac-Prefix.pch */,
				B2A29114165B6AE3009C1731 /* Default.png */,
				B2A29116165B6AE3009C1731 /* Default@2x.png */,
				B2A29118165B6AE3009C1731 /* Default-568h@2x.png */,
			);
			name = "Supporting Files";
			sourceTree = "<group>";
		};
		B2A2912E165B7C4E009C1731 /* images */ = {
			isa = PBXGroup;
			children = (
				B2A2912F165B7C4E009C1731 /* 0.jpg */,
				B2A29130165B7C4E009C1731 /* 1.jpg */,
				B2A29131165B7C4E009C1731 /* 2.jpg */,
				B2A29132165B7C4E009C1731 /* 3.jpg */,
				B2A29133165B7C4E009C1731 /* 4.jpg */,
				B2A29134165B7C4E009C1731 /* 5.jpg */,
				B2A29135165B7C4E009C1731 /* 6.jpg */,
				B2A29136165B7C4E009C1731 /* 7.jpg */,
				B2A29137165B7C4E009C1731 /* 8.jpg */,
				B2A29138165B7C4E009C1731 /* 9.jpg */,
			);
			path = images;
			sourceTree = "<group>";
		};
/* End PBXGroup section */

/* Begin PBXNativeTarget section */
		B2A290FD165B6AE3009C1731 /* TableCompPrac */ = {
			isa = PBXNativeTarget;
			buildConfigurationList = B2A29122165B6AE3009C1731 /* Build configuration list for PBXNativeTarget "TableCompPrac" */;
			buildPhases = (
				B2A290FA165B6AE3009C1731 /* Sources */,
				B2A290FB165B6AE3009C1731 /* Frameworks */,
				B2A290FC165B6AE3009C1731 /* Resources */,
			);
			buildRules = (
			);
			dependencies = (
			);
			name = TableCompPrac;
			productName = TableCompPrac;
			productReference = B2A290FE165B6AE3009C1731 /* TableCompPrac.app */;
			productType = "com.apple.product-type.application";
		};
/* End PBXNativeTarget section */

/* Begin PBXProject section */
		B2A290F5165B6AE3009C1731 /* Project object */ = {
			isa = PBXProject;
			attributes = {
				LastUpgradeCheck = 0450;
				ORGANIZATIONNAME = "山田 慶";
			};
			buildConfigurationList = B2A290F8165B6AE3009C1731 /* Build configuration list for PBXProject "TableCompPrac" */;
			compatibilityVersion = "Xcode 3.2";
			developmentRegion = English;
			hasScannedForEncodings = 0;
			knownRegions = (
				en,
			);
			mainGroup = B2A290F3165B6AE3009C1731;
			productRefGroup = B2A290FF165B6AE3009C1731 /* Products */;
			projectDirPath = "";
			projectRoot = "";
			targets = (
				B2A290FD165B6AE3009C1731 /* TableCompPrac */,
			);
		};
/* End PBXProject section */

/* Begin PBXResourcesBuildPhase section */
		B2A290FC165B6AE3009C1731 /* Resources */ = {
			isa = PBXResourcesBuildPhase;
			buildActionMask = 2147483647;
			files = (
				B2A2910D165B6AE3009C1731 /* InfoPlist.strings in Resources */,
				B2A29115165B6AE3009C1731 /* Default.png in Resources */,
				B2A29117165B6AE3009C1731 /* Default@2x.png in Resources */,
				B2A29119165B6AE3009C1731 /* Default-568h@2x.png in Resources */,
				B2A2911C165B6AE3009C1731 /* MainStoryboard.storyboard in Resources */,
				B2A29139165B7C4E009C1731 /* 0.jpg in Resources */,
				B2A2913A165B7C4E009C1731 /* 1.jpg in Resources */,
				B2A2913B165B7C4E009C1731 /* 2.jpg in Resources */,
				B2A2913C165B7C4E009C1731 /* 3.jpg in Resources */,
				B2A2913D165B7C4E009C1731 /* 4.jpg in Resources */,
				B2A2913E165B7C4E009C1731 /* 5.jpg in Resources */,
				B2A2913F165B7C4E009C1731 /* 6.jpg in Resources */,
				B2A29140165B7C4E009C1731 /* 7.jpg in Resources */,
				B2A29141165B7C4E009C1731 /* 8.jpg in Resources */,
				B2A29142165B7C4E009C1731 /* 9.jpg in Resources */,
			);
			runOnlyForDeploymentPostprocessing = 0;
		};
/* End PBXResourcesBuildPhase section */

/* Begin PBXSourcesBuildPhase section */
		B2A290FA165B6AE3009C1731 /* Sources */ = {
			isa = PBXSourcesBuildPhase;
			buildActionMask = 2147483647;
			files = (
				B2A2910F165B6AE3009C1731 /* main.m in Sources */,
				B2A29113165B6AE3009C1731 /* AppDelegate.m in Sources */,
				B2A2911F165B6AE3009C1731 /* ViewController.m in Sources */,
				B2A2912A165B6B5E009C1731 /* CustomCell.m in Sources */,
				B2A2912D165B6E2B009C1731 /* TableController.m in Sources */,
				B29FA9651664C4390075E131 /* GlitchImageVIew.m in Sources */,
			);
			runOnlyForDeploymentPostprocessing = 0;
		};
/* End PBXSourcesBuildPhase section */

/* Begin PBXVariantGroup section */
		B2A2910B165B6AE3009C1731 /* InfoPlist.strings */ = {
			isa = PBXVariantGroup;
			children = (
				B2A2910C165B6AE3009C1731 /* en */,
			);
			name = InfoPlist.strings;
			sourceTree = "<group>";
		};
		B2A2911A165B6AE3009C1731 /* MainStoryboard.storyboard */ = {
			isa = PBXVariantGroup;
			children = (
				B2A2911B165B6AE3009C1731 /* en */,
			);
			name = MainStoryboard.storyboard;
			sourceTree = "<group>";
		};
/* End PBXVariantGroup section */

/* Begin XCBuildConfiguration section */
		B2A29120165B6AE3009C1731 /* Debug */ = {
			isa = XCBuildConfiguration;
			buildSettings = {
				ALWAYS_SEARCH_USER_PATHS = NO;
				CLANG_CXX_LANGUAGE_STANDARD = "gnu++0x";
				CLANG_CXX_LIBRARY = "libc++";
				CLANG_ENABLE_OBJC_ARC = YES;
				CLANG_WARN_EMPTY_BODY = YES;
				CLANG_WARN__DUPLICATE_METHOD_MATCH = YES;
				"CODE_SIGN_IDENTITY[sdk=iphoneos*]" = "iPhone Developer";
				COPY_PHASE_STRIP = NO;
				GCC_C_LANGUAGE_STANDARD = gnu99;
				GCC_DYNAMIC_NO_PIC = NO;
				GCC_OPTIMIZATION_LEVEL = 0;
				GCC_PREPROCESSOR_DEFINITIONS = (
					"DEBUG=1",
					"$(inherited)",
				);
				GCC_SYMBOLS_PRIVATE_EXTERN = NO;
				GCC_WARN_ABOUT_RETURN_TYPE = YES;
				GCC_WARN_UNINITIALIZED_AUTOS = YES;
				GCC_WARN_UNUSED_VARIABLE = YES;
				IPHONEOS_DEPLOYMENT_TARGET = 6.0;
				ONLY_ACTIVE_ARCH = YES;
				SDKROOT = iphoneos;
				TARGETED_DEVICE_FAMILY = 2;
			};
			name = Debug;
		};
		B2A29121165B6AE3009C1731 /* Release */ = {
			isa = XCBuildConfiguration;
			buildSettings = {
				ALWAYS_SEARCH_USER_PATHS = NO;
				CLANG_CXX_LANGUAGE_STANDARD = "gnu++0x";
				CLANG_CXX_LIBRARY = "libc++";
				CLANG_ENABLE_OBJC_ARC = YES;
				CLANG_WARN_EMPTY_BODY = YES;
				CLANG_WARN__DUPLICATE_METHOD_MATCH = YES;
				"CODE_SIGN_IDENTITY[sdk=iphoneos*]" = "iPhone Developer";
				COPY_PHASE_STRIP = YES;
				GCC_C_LANGUAGE_STANDARD = gnu99;
				GCC_WARN_ABOUT_RETURN_TYPE = YES;
				GCC_WARN_UNINITIALIZED_AUTOS = YES;
				GCC_WARN_UNUSED_VARIABLE = YES;
				IPHONEOS_DEPLOYMENT_TARGET = 6.0;
				OTHER_CFLAGS = "-DNS_BLOCK_ASSERTIONS=1";
				SDKROOT = iphoneos;
				TARGETED_DEVICE_FAMILY = 2;
				VALIDATE_PRODUCT = YES;
			};
			name = Release;
		};
		B2A29123165B6AE3009C1731 /* Debug */ = {
			isa = XCBuildConfiguration;
			buildSettings = {
				GCC_PRECOMPILE_PREFIX_HEADER = YES;
				GCC_PREFIX_HEADER = "TableCompPrac/TableCompPrac-Prefix.pch";
				INFOPLIST_FILE = "TableCompPrac/TableCompPrac-Info.plist";
				PRODUCT_NAME = "$(TARGET_NAME)";
				WRAPPER_EXTENSION = app;
			};
			name = Debug;
		};
		B2A29124165B6AE3009C1731 /* Release */ = {
			isa = XCBuildConfiguration;
			buildSettings = {
				GCC_PRECOMPILE_PREFIX_HEADER = YES;
				GCC_PREFIX_HEADER = "TableCompPrac/TableCompPrac-Prefix.pch";
				INFOPLIST_FILE = "TableCompPrac/TableCompPrac-Info.plist";
				PRODUCT_NAME = "$(TARGET_NAME)";
				WRAPPER_EXTENSION = app;
			};
			name = Release;
		};
/* End XCBuildConfiguration section */

/* Begin XCConfigurationList section */
		B2A290F8165B6AE3009C1731 /* Build configuration list for PBXProject "TableCompPrac" */ = {
			isa = XCConfigurationList;
			buildConfigurations = (
				B2A29120165B6AE3009C1731 /* Debug */,
				B2A29121165B6AE3009C1731 /* Release */,
			);
			defaultConfigurationIsVisible = 0;
			defaultConfigurationName = Release;
		};
		B2A29122165B6AE3009C1731 /* Build configuration list for PBXNativeTarget "TableCompPrac" */ = {
			isa = XCConfigurationList;
			buildConfigurations = (
				B2A29123165B6AE3009C1731 /* Debug */,
				B2A29124165B6AE3009C1731 /* Release */,
			);
			defaultConfigurationIsVisible = 0;
			defaultConfigurationName = Release;
		};
/* End XCConfigurationList section */
	};
	rootObject = B2A290F5165B6AE3009C1731 /* Project object */;
}
